
Microsoft Visual Studio Solution File, Format Version 12.00
# Visual Studio 15
VisualStudioVersion = 15.0.26730.16
MinimumVisualStudioVersion = 10.0.40219.1
Project("{FAE04EC0-301F-11D3-BF4B-00C04F79EFBC}") = "SongPad", "SongPad\SongPad.csproj", "{31706770-6FEC-4662-AFB2-F61ED27C1377}"
EndProject
Global
	GlobalSection(SolutionConfigurationPlatforms) = preSolution
		Debug|Any CPU = Debug|Any CPU
		Release|Any CPU = Release|Any CPU
	EndGlobalSection
	GlobalSection(ProjectConfigurationPlatforms) = postSolution
		{31706770-6FEC-4662-AFB2-F61ED27C1377}.Debug|Any CPU.ActiveCfg = Debug|Any CPU
		{31706770-6FEC-4662-AFB2-F61ED27C1377}.Debug|Any CPU.Build.0 = Debug|Any CPU
		{31706770-6FEC-4662-AFB2-F61ED27C1377}.Release|Any CPU.ActiveCfg = Release|Any CPU
		{31706770-6FEC-4662-AFB2-F61ED27C1377}.Release|Any CPU.Build.0 = Release|Any CPU
	EndGlobalSection
	GlobalSection(SolutionProperties) = preSolution
		HideSolutionNode = FALSE
	EndGlobalSection
	GlobalSection(ExtensibilityGlobals) = postSolution
		SolutionGuid = {C5FB4D86-9ADC-464A-B827-53FA3A146C32}
	EndGlobalSection
EndGlobal
